
Microsoft Visual Studio Solution File, Format Version 12.00
# Visual Studio 15
VisualStudioVersion = 15.0.28307.271
MinimumVisualStudioVersion = 10.0.40219.1
Project("{FAE04EC0-301F-11D3-BF4B-00C04F79EFBC}") = "bagis-pro", "bagis-pro\bagis-pro.csproj", "{BFEF0CD1-E877-48DC-8B78-40DE4825C346}"
EndProject
Global
	GlobalSection(SolutionConfigurationPlatforms) = preSolution
		Debug|Any CPU = Debug|Any CPU
		Release|Any CPU = Release|Any CPU
	EndGlobalSection
	GlobalSection(ProjectConfigurationPlatforms) = postSolution
		{BFEF0CD1-E877-48DC-8B78-40DE4825C346}.Debug|Any CPU.ActiveCfg = Debug|Any CPU
		{BFEF0CD1-E877-48DC-8B78-40DE4825C346}.Debug|Any CPU.Build.0 = Debug|Any CPU
		{BFEF0CD1-E877-48DC-8B78-40DE4825C346}.Release|Any CPU.ActiveCfg = Release|Any CPU
		{BFEF0CD1-E877-48DC-8B78-40DE4825C346}.Release|Any CPU.Build.0 = Release|Any CPU
	EndGlobalSection
	GlobalSection(SolutionProperties) = preSolution
		HideSolutionNode = FALSE
	EndGlobalSection
	GlobalSection(ExtensibilityGlobals) = postSolution
		SolutionGuid = {156D7D5E-5C8A-4C40-874B-D541DADF325F}
	EndGlobalSection
EndGlobal
